
Microsoft Visual Studio Solution File, Format Version 12.00
# Visual Studio 15
VisualStudioVersion = 15.0.26124.0
MinimumVisualStudioVersion = 15.0.26124.0
Project("{FAE04EC0-301F-11D3-BF4B-00C04F79EFBC}") = "Multiples.App.Queries", "Multiples.App.Queries\Multiples.App.Queries.csproj", "{65E80003-C916-4FCC-A6D6-3C209572CBB9}"
EndProject
Project("{FAE04EC0-301F-11D3-BF4B-00C04F79EFBC}") = "Multiples.Domain.Entities", "Multiples.Domain.Entities\Multiples.Domain.Entities.csproj", "{90CC0330-EB98-45B2-ADF8-CE9E1F81F2A9}"
EndProject
Project("{FAE04EC0-301F-11D3-BF4B-00C04F79EFBC}") = "Multiples.Domain.Services", "Multiples.Domain.Services\Multiples.Domain.Services.csproj", "{C1A86FE6-62A7-4544-BF9C-DD7D49FC0215}"
EndProject
Project("{FAE04EC0-301F-11D3-BF4B-00C04F79EFBC}") = "Multiples.Tests", "Multiples.Tests\Multiples.Tests.csproj", "{EE686E7C-D155-4AA1-9B65-8A4985AEB720}"
EndProject
Global
	GlobalSection(SolutionConfigurationPlatforms) = preSolution
		Debug|Any CPU = Debug|Any CPU
		Debug|x64 = Debug|x64
		Debug|x86 = Debug|x86
		Release|Any CPU = Release|Any CPU
		Release|x64 = Release|x64
		Release|x86 = Release|x86
	EndGlobalSection
	GlobalSection(SolutionProperties) = preSolution
		HideSolutionNode = FALSE
	EndGlobalSection
	GlobalSection(ProjectConfigurationPlatforms) = postSolution
		{65E80003-C916-4FCC-A6D6-3C209572CBB9}.Debug|Any CPU.ActiveCfg = Debug|Any CPU
		{65E80003-C916-4FCC-A6D6-3C209572CBB9}.Debug|Any CPU.Build.0 = Debug|Any CPU
		{65E80003-C916-4FCC-A6D6-3C209572CBB9}.Debug|x64.ActiveCfg = Debug|Any CPU
		{65E80003-C916-4FCC-A6D6-3C209572CBB9}.Debug|x64.Build.0 = Debug|Any CPU
		{65E80003-C916-4FCC-A6D6-3C209572CBB9}.Debug|x86.ActiveCfg = Debug|Any CPU
		{65E80003-C916-4FCC-A6D6-3C209572CBB9}.Debug|x86.Build.0 = Debug|Any CPU
		{65E80003-C916-4FCC-A6D6-3C209572CBB9}.Release|Any CPU.ActiveCfg = Release|Any CPU
		{65E80003-C916-4FCC-A6D6-3C209572CBB9}.Release|Any CPU.Build.0 = Release|Any CPU
		{65E80003-C916-4FCC-A6D6-3C209572CBB9}.Release|x64.ActiveCfg = Release|Any CPU
		{65E80003-C916-4FCC-A6D6-3C209572CBB9}.Release|x64.Build.0 = Release|Any CPU
		{65E80003-C916-4FCC-A6D6-3C209572CBB9}.Release|x86.ActiveCfg = Release|Any CPU
		{65E80003-C916-4FCC-A6D6-3C209572CBB9}.Release|x86.Build.0 = Release|Any CPU
		{80F2B735-C9E5-4394-8682-CF76D136A2FA}.Debug|Any CPU.ActiveCfg = Debug|Any CPU
		{80F2B735-C9E5-4394-8682-CF76D136A2FA}.Debug|Any CPU.Build.0 = Debug|Any CPU
		{80F2B735-C9E5-4394-8682-CF76D136A2FA}.Debug|x64.ActiveCfg = Debug|Any CPU
		{80F2B735-C9E5-4394-8682-CF76D136A2FA}.Debug|x64.Build.0 = Debug|Any CPU
		{80F2B735-C9E5-4394-8682-CF76D136A2FA}.Debug|x86.ActiveCfg = Debug|Any CPU
		{80F2B735-C9E5-4394-8682-CF76D136A2FA}.Debug|x86.Build.0 = Debug|Any CPU
		{80F2B735-C9E5-4394-8682-CF76D136A2FA}.Release|Any CPU.ActiveCfg = Release|Any CPU
		{80F2B735-C9E5-4394-8682-CF76D136A2FA}.Release|Any CPU.Build.0 = Release|Any CPU
		{80F2B735-C9E5-4394-8682-CF76D136A2FA}.Release|x64.ActiveCfg = Release|Any CPU
		{80F2B735-C9E5-4394-8682-CF76D136A2FA}.Release|x64.Build.0 = Release|Any CPU
		{80F2B735-C9E5-4394-8682-CF76D136A2FA}.Release|x86.ActiveCfg = Release|Any CPU
		{80F2B735-C9E5-4394-8682-CF76D136A2FA}.Release|x86.Build.0 = Release|Any CPU
		{90CC0330-EB98-45B2-ADF8-CE9E1F81F2A9}.Debug|Any CPU.ActiveCfg = Debug|Any CPU
		{90CC0330-EB98-45B2-ADF8-CE9E1F81F2A9}.Debug|Any CPU.Build.0 = Debug|Any CPU
		{90CC0330-EB98-45B2-ADF8-CE9E1F81F2A9}.Debug|x64.ActiveCfg = Debug|Any CPU
		{90CC0330-EB98-45B2-ADF8-CE9E1F81F2A9}.Debug|x64.Build.0 = Debug|Any CPU
		{90CC0330-EB98-45B2-ADF8-CE9E1F81F2A9}.Debug|x86.ActiveCfg = Debug|Any CPU
		{90CC0330-EB98-45B2-ADF8-CE9E1F81F2A9}.Debug|x86.Build.0 = Debug|Any CPU
		{90CC0330-EB98-45B2-ADF8-CE9E1F81F2A9}.Release|Any CPU.ActiveCfg = Release|Any CPU
		{90CC0330-EB98-45B2-ADF8-CE9E1F81F2A9}.Release|Any CPU.Build.0 = Release|Any CPU
		{90CC0330-EB98-45B2-ADF8-CE9E1F81F2A9}.Release|x64.ActiveCfg = Release|Any CPU
		{90CC0330-EB98-45B2-ADF8-CE9E1F81F2A9}.Release|x64.Build.0 = Release|Any CPU
		{90CC0330-EB98-45B2-ADF8-CE9E1F81F2A9}.Release|x86.ActiveCfg = Release|Any CPU
		{90CC0330-EB98-45B2-ADF8-CE9E1F81F2A9}.Release|x86.Build.0 = Release|Any CPU
		{C1A86FE6-62A7-4544-BF9C-DD7D49FC0215}.Debug|Any CPU.ActiveCfg = Debug|Any CPU
		{C1A86FE6-62A7-4544-BF9C-DD7D49FC0215}.Debug|Any CPU.Build.0 = Debug|Any CPU
		{C1A86FE6-62A7-4544-BF9C-DD7D49FC0215}.Debug|x64.ActiveCfg = Debug|Any CPU
		{C1A86FE6-62A7-4544-BF9C-DD7D49FC0215}.Debug|x64.Build.0 = Debug|Any CPU
		{C1A86FE6-62A7-4544-BF9C-DD7D49FC0215}.Debug|x86.ActiveCfg = Debug|Any CPU
		{C1A86FE6-62A7-4544-BF9C-DD7D49FC0215}.Debug|x86.Build.0 = Debug|Any CPU
		{C1A86FE6-62A7-4544-BF9C-DD7D49FC0215}.Release|Any CPU.ActiveCfg = Release|Any CPU
		{C1A86FE6-62A7-4544-BF9C-DD7D49FC0215}.Release|Any CPU.Build.0 = Release|Any CPU
		{C1A86FE6-62A7-4544-BF9C-DD7D49FC0215}.Release|x64.ActiveCfg = Release|Any CPU
		{C1A86FE6-62A7-4544-BF9C-DD7D49FC0215}.Release|x64.Build.0 = Release|Any CPU
		{C1A86FE6-62A7-4544-BF9C-DD7D49FC0215}.Release|x86.ActiveCfg = Release|Any CPU
		{C1A86FE6-62A7-4544-BF9C-DD7D49FC0215}.Release|x86.Build.0 = Release|Any CPU
		{EE686E7C-D155-4AA1-9B65-8A4985AEB720}.Debug|Any CPU.ActiveCfg = Debug|Any CPU
		{EE686E7C-D155-4AA1-9B65-8A4985AEB720}.Debug|Any CPU.Build.0 = Debug|Any CPU
		{EE686E7C-D155-4AA1-9B65-8A4985AEB720}.Debug|x64.ActiveCfg = Debug|Any CPU
		{EE686E7C-D155-4AA1-9B65-8A4985AEB720}.Debug|x64.Build.0 = Debug|Any CPU
		{EE686E7C-D155-4AA1-9B65-8A4985AEB720}.Debug|x86.ActiveCfg = Debug|Any CPU
		{EE686E7C-D155-4AA1-9B65-8A4985AEB720}.Debug|x86.Build.0 = Debug|Any CPU
		{EE686E7C-D155-4AA1-9B65-8A4985AEB720}.Release|Any CPU.ActiveCfg = Release|Any CPU
		{EE686E7C-D155-4AA1-9B65-8A4985AEB720}.Release|Any CPU.Build.0 = Release|Any CPU
		{EE686E7C-D155-4AA1-9B65-8A4985AEB720}.Release|x64.ActiveCfg = Release|Any CPU
		{EE686E7C-D155-4AA1-9B65-8A4985AEB720}.Release|x64.Build.0 = Release|Any CPU
		{EE686E7C-D155-4AA1-9B65-8A4985AEB720}.Release|x86.ActiveCfg = Release|Any CPU
		{EE686E7C-D155-4AA1-9B65-8A4985AEB720}.Release|x86.Build.0 = Release|Any CPU
	EndGlobalSection
EndGlobal
